
Microsoft Visual Studio Solution File, Format Version 12.00
# Visual Studio Version 17
VisualStudioVersion = 17.14.36221.1 d17.14
MinimumVisualStudioVersion = 10.0.40219.1
Project("{8BC9CEB8-8B4A-11D0-8D11-00A0C91BC942}") = "OpenGLProject", "OpenGLProject\OpenGLProject.vcxproj", "{38B28ACE-08C2-4935-BD30-D6787B01B6C9}"
EndProject
Global
	GlobalSection(SolutionConfigurationPlatforms) = preSolution
		Debug|x64 = Debug|x64
		Debug|x86 = Debug|x86
		Release|x64 = Release|x64
		Release|x86 = Release|x86
	EndGlobalSection
	GlobalSection(ProjectConfigurationPlatforms) = postSolution
		{38B28ACE-08C2-4935-BD30-D6787B01B6C9}.Debug|x64.ActiveCfg = Debug|x64
		{38B28ACE-08C2-4935-BD30-D6787B01B6C9}.Debug|x64.Build.0 = Debug|x64
		{38B28ACE-08C2-4935-BD30-D6787B01B6C9}.Debug|x86.ActiveCfg = Debug|Win32
		{38B28ACE-08C2-4935-BD30-D6787B01B6C9}.Debug|x86.Build.0 = Debug|Win32
		{38B28ACE-08C2-4935-BD30-D6787B01B6C9}.Release|x64.ActiveCfg = Release|x64
		{38B28ACE-08C2-4935-BD30-D6787B01B6C9}.Release|x64.Build.0 = Release|x64
		{38B28ACE-08C2-4935-BD30-D6787B01B6C9}.Release|x86.ActiveCfg = Release|Win32
		{38B28ACE-08C2-4935-BD30-D6787B01B6C9}.Release|x86.Build.0 = Release|Win32
	EndGlobalSection
	GlobalSection(SolutionProperties) = preSolution
		HideSolutionNode = FALSE
	EndGlobalSection
	GlobalSection(ExtensibilityGlobals) = postSolution
		SolutionGuid = {241D94EF-FD17-4C2D-8A88-4E106DFB4D00}
	EndGlobalSection
EndGlobal
