<?xml version="1.0" encoding="utf-8"?>
<Project ToolsVersion="4.0" xmlns="http://schemas.microsoft.com/developer/msbuild/2003">
  <ItemGroup>
    <Filter Include="Pliki źródłowe">
      <UniqueIdentifier>{4FC737F1-C7A5-4376-A066-2A32D752A2FF}</UniqueIdentifier>
      <Extensions>cpp;c;cc;cxx;c++;cppm;ixx;def;odl;idl;hpj;bat;asm;asmx</Extensions>
    </Filter>
    <Filter Include="Pliki nagłówkowe">
      <UniqueIdentifier>{93995380-89BD-4b04-88EB-625FBE52EBFB}</UniqueIdentifier>
      <Extensions>h;hh;hpp;hxx;h++;hm;inl;inc;ipp;xsd</Extensions>
    </Filter>
    <Filter Include="Pliki zasobów">
      <UniqueIdentifier>{67DA6AB6-F800-4c08-8B7A-83BB121AAD01}</UniqueIdentifier>
      <Extensions>rc;ico;cur;bmp;dlg;rc2;rct;bin;rgs;gif;jpg;jpeg;jpe;resx;tiff;tif;png;wav;mfcribbon-ms</Extensions>
    </Filter>
  </ItemGroup>
  <ItemGroup>
    <ClCompile Include="main.cpp">
      <Filter>Pliki źródłowe</Filter>
    </ClCompile>
    <ClCompile Include="src\callbacks.cpp">
      <Filter>Pliki źródłowe</Filter>
    </ClCompile>
    <ClCompile Include="glad.c">
      <Filter>Pliki źródłowe</Filter>
    </ClCompile>
    <ClCompile Include="src\shaderClass.cpp">
      <Filter>Pliki źródłowe</Filter>
    </ClCompile>
    <ClCompile Include="src\VBO.cpp">
      <Filter>Pliki źródłowe</Filter>
    </ClCompile>
    <ClCompile Include="src\EBO.cpp">
      <Filter>Pliki źródłowe</Filter>
    </ClCompile>
    <ClCompile Include="src\VAO.cpp">
      <Filter>Pliki źródłowe</Filter>
    </ClCompile>
    <ClCompile Include="src\Texture.cpp">
      <Filter>Pliki źródłowe</Filter>
    </ClCompile>
    <ClCompile Include="src\Camera.cpp">
      <Filter>Pliki źródłowe</Filter>
    </ClCompile>
    <ClCompile Include="src\DrawingHelper.cpp">
      <Filter>Pliki źródłowe</Filter>
    </ClCompile>
    <ClCompile Include="src\Mesh.cpp">
      <Filter>Pliki źródłowe</Filter>
    </ClCompile>
    <ClCompile Include="src\Scene.cpp">
      <Filter>Pliki źródłowe</Filter>
    </ClCompile>
    <ClCompile Include="src\Model.cpp">
      <Filter>Pliki źródłowe</Filter>
    </ClCompile>
    <ClCompile Include="src\stb.cpp">
      <Filter>Pliki źródłowe</Filter>
    </ClCompile>
    <ClCompile Include="src\Engine.cpp">
      <Filter>Pliki źródłowe</Filter>
    </ClCompile>
    <ClCompile Include="src\InfectionController.cpp">
      <Filter>Pliki źródłowe</Filter>
    </ClCompile>
  </ItemGroup>
  <ItemGroup>
    <ClInclude Include="include\callbacks.h">
      <Filter>Pliki nagłówkowe</Filter>
    </ClInclude>
    <ClInclude Include="external\glad\glad.h">
      <Filter>Pliki nagłówkowe</Filter>
    </ClInclude>
    <ClInclude Include="external\glfw-3.4.bin.WIN64\include\GLFW\glfw3.h">
      <Filter>Pliki nagłówkowe</Filter>
    </ClInclude>
    <ClInclude Include="external\glfw-3.4.bin.WIN64\include\GLFW\glfw3native.h">
      <Filter>Pliki nagłówkowe</Filter>
    </ClInclude>
    <ClInclude Include="external\KHR\khrplatform.h">
      <Filter>Pliki nagłówkowe</Filter>
    </ClInclude>
    <ClInclude Include="include\shaderClass.h">
      <Filter>Pliki nagłówkowe</Filter>
    </ClInclude>
    <ClInclude Include="include\VBO.h">
      <Filter>Pliki nagłówkowe</Filter>
    </ClInclude>
    <ClInclude Include="include\EBO.h">
      <Filter>Pliki nagłówkowe</Filter>
    </ClInclude>
    <ClInclude Include="include\VAO.h">
      <Filter>Pliki nagłówkowe</Filter>
    </ClInclude>
    <ClInclude Include="include\Texture.h">
      <Filter>Pliki nagłówkowe</Filter>
    </ClInclude>
    <ClInclude Include="include\Camera.h">
      <Filter>Pliki nagłówkowe</Filter>
    </ClInclude>
    <ClInclude Include="include\DrawingHelper.h">
      <Filter>Pliki nagłówkowe</Filter>
    </ClInclude>
    <ClInclude Include="include\Mesh.h">
      <Filter>Pliki nagłówkowe</Filter>
    </ClInclude>
    <ClInclude Include="include\Scene.h">
      <Filter>Pliki nagłówkowe</Filter>
    </ClInclude>
    <ClInclude Include="include\Vertex.h">
      <Filter>Pliki nagłówkowe</Filter>
    </ClInclude>
    <ClInclude Include="include\Model.h">
      <Filter>Pliki nagłówkowe</Filter>
    </ClInclude>
    <ClInclude Include="include\Engine.h">
      <Filter>Pliki nagłówkowe</Filter>
    </ClInclude>
    <ClInclude Include="include\InfectionController.h">
      <Filter>Pliki nagłówkowe</Filter>
    </ClInclude>
  </ItemGroup>
  <ItemGroup>
    <None Include="external\glfw-3.4.bin.WIN64\docs\html\build_8md.html" />
    <None Include="external\glfw-3.4.bin.WIN64\docs\html\build_guide.html" />
    <None Include="external\glfw-3.4.bin.WIN64\docs\html\compat_8md.html" />
    <None Include="external\glfw-3.4.bin.WIN64\docs\html\compat_guide.html" />
    <None Include="external\glfw-3.4.bin.WIN64\docs\html\compile_8md.html" />
    <None Include="external\glfw-3.4.bin.WIN64\docs\html\compile_guide.html" />
    <None Include="external\glfw-3.4.bin.WIN64\docs\html\context_8md.html" />
    <None Include="external\glfw-3.4.bin.WIN64\docs\html\context_guide.html" />
    <None Include="external\glfw-3.4.bin.WIN64\docs\html\deprecated.html" />
    <None Include="external\glfw-3.4.bin.WIN64\docs\html\dir_7f92719a7fe62e5b064f87d7a3c220b1.html" />
    <None Include="external\glfw-3.4.bin.WIN64\docs\html\dir_13577e2d8b9423099662de029791bd7d.html" />
    <None Include="external\glfw-3.4.bin.WIN64\docs\html\dir_a788ef6c2b1e5b367804e0b6ccfd6f11.html" />
    <None Include="external\glfw-3.4.bin.WIN64\docs\html\dir_b11153cd0f4fd04a7564cc166f482635.html" />
    <None Include="external\glfw-3.4.bin.WIN64\docs\html\files.html" />
    <None Include="external\glfw-3.4.bin.WIN64\docs\html\glfw3_8h.html" />
    <None Include="external\glfw-3.4.bin.WIN64\docs\html\glfw3_8h_source.html" />
    <None Include="external\glfw-3.4.bin.WIN64\docs\html\glfw3native_8h.html" />
    <None Include="external\glfw-3.4.bin.WIN64\docs\html\glfw3native_8h_source.html" />
    <None Include="external\glfw-3.4.bin.WIN64\docs\html\group__buttons.html" />
    <None Include="external\glfw-3.4.bin.WIN64\docs\html\group__context.html" />
    <None Include="external\glfw-3.4.bin.WIN64\docs\html\group__errors.html" />
    <None Include="external\glfw-3.4.bin.WIN64\docs\html\group__gamepad__axes.html" />
    <None Include="external\glfw-3.4.bin.WIN64\docs\html\group__gamepad__buttons.html" />
    <None Include="external\glfw-3.4.bin.WIN64\docs\html\group__hat__state.html" />
    <None Include="external\glfw-3.4.bin.WIN64\docs\html\group__init.html" />
    <None Include="external\glfw-3.4.bin.WIN64\docs\html\group__input.html" />
    <None Include="external\glfw-3.4.bin.WIN64\docs\html\group__joysticks.html" />
    <None Include="external\glfw-3.4.bin.WIN64\docs\html\group__keys.html" />
    <None Include="external\glfw-3.4.bin.WIN64\docs\html\group__mods.html" />
    <None Include="external\glfw-3.4.bin.WIN64\docs\html\group__monitor.html" />
    <None Include="external\glfw-3.4.bin.WIN64\docs\html\group__native.html" />
    <None Include="external\glfw-3.4.bin.WIN64\docs\html\group__shapes.html" />
    <None Include="external\glfw-3.4.bin.WIN64\docs\html\group__vulkan.html" />
    <None Include="external\glfw-3.4.bin.WIN64\docs\html\group__window.html" />
    <None Include="external\glfw-3.4.bin.WIN64\docs\html\index.html" />
    <None Include="external\glfw-3.4.bin.WIN64\docs\html\input_8md.html" />
    <None Include="external\glfw-3.4.bin.WIN64\docs\html\input_guide.html" />
    <None Include="external\glfw-3.4.bin.WIN64\docs\html\internal_8md.html" />
    <None Include="external\glfw-3.4.bin.WIN64\docs\html\internals_guide.html" />
    <None Include="external\glfw-3.4.bin.WIN64\docs\html\intro_8md.html" />
    <None Include="external\glfw-3.4.bin.WIN64\docs\html\intro_guide.html" />
    <None Include="external\glfw-3.4.bin.WIN64\docs\html\main_8md.html" />
    <None Include="external\glfw-3.4.bin.WIN64\docs\html\monitor_8md.html" />
    <None Include="external\glfw-3.4.bin.WIN64\docs\html\monitor_guide.html" />
    <None Include="external\glfw-3.4.bin.WIN64\docs\html\moving_8md.html" />
    <None Include="external\glfw-3.4.bin.WIN64\docs\html\moving_guide.html" />
    <None Include="external\glfw-3.4.bin.WIN64\docs\html\news.html" />
    <None Include="external\glfw-3.4.bin.WIN64\docs\html\news_8md.html" />
    <None Include="external\glfw-3.4.bin.WIN64\docs\html\pages.html" />
    <None Include="external\glfw-3.4.bin.WIN64\docs\html\quick_8md.html" />
    <None Include="external\glfw-3.4.bin.WIN64\docs\html\quick_guide.html" />
    <None Include="external\glfw-3.4.bin.WIN64\docs\html\struct_g_l_f_wallocator.html" />
    <None Include="external\glfw-3.4.bin.WIN64\docs\html\struct_g_l_f_wgamepadstate.html" />
    <None Include="external\glfw-3.4.bin.WIN64\docs\html\struct_g_l_f_wgammaramp.html" />
    <None Include="external\glfw-3.4.bin.WIN64\docs\html\struct_g_l_f_wimage.html" />
    <None Include="external\glfw-3.4.bin.WIN64\docs\html\struct_g_l_f_wvidmode.html" />
    <None Include="external\glfw-3.4.bin.WIN64\docs\html\topics.html" />
    <None Include="external\glfw-3.4.bin.WIN64\docs\html\vulkan_8md.html" />
    <None Include="external\glfw-3.4.bin.WIN64\docs\html\vulkan_guide.html" />
    <None Include="external\glfw-3.4.bin.WIN64\docs\html\window_8md.html" />
    <None Include="external\glfw-3.4.bin.WIN64\docs\html\window_guide.html" />
    <None Include="src\shaders\default.vert" />
    <None Include="src\shaders\default.frag" />
    <None Include="src\models\scene.bin">
      <Filter>Pliki zasobów</Filter>
    </None>
  </ItemGroup>
  <ItemGroup>
    <Image Include="src\textures\tile933.png">
      <Filter>Pliki zasobów</Filter>
    </Image>
    <Image Include="src\textures\floor_tile.png">
      <Filter>Pliki zasobów</Filter>
    </Image>
    <Image Include="src\textures\wall.png">
      <Filter>Pliki zasobów</Filter>
    </Image>
    <Image Include="src\textures\wall_left.png">
      <Filter>Pliki zasobów</Filter>
    </Image>
    <Image Include="src\textures\wall_right.png">
      <Filter>Pliki zasobów</Filter>
    </Image>
    <Image Include="src\textures\splashScreen.png">
      <Filter>Pliki zasobów</Filter>
    </Image>
  </ItemGroup>
</Project>